
Microsoft Visual Studio Solution File, Format Version 12.00
# Visual Studio 14
VisualStudioVersion = 14.0.23107.0
MinimumVisualStudioVersion = 10.0.40219.1
Project("{FAE04EC0-301F-11D3-BF4B-00C04F79EFBC}") = "Pardis", "Pardis\Pardis.csproj", "{2620D165-00EE-4CF7-9080-BBE670B7066C}"
EndProject
Project("{FAE04EC0-301F-11D3-BF4B-00C04F79EFBC}") = "DataLayer", "DataLayer\DataLayer.csproj", "{185BBDEB-F2E6-466B-B9ED-A05B466E7FDE}"
EndProject
Global
	GlobalSection(SolutionConfigurationPlatforms) = preSolution
		Debug|Any CPU = Debug|Any CPU
		Release|Any CPU = Release|Any CPU
	EndGlobalSection
	GlobalSection(ProjectConfigurationPlatforms) = postSolution
		{2620D165-00EE-4CF7-9080-BBE670B7066C}.Debug|Any CPU.ActiveCfg = Debug|Any CPU
		{2620D165-00EE-4CF7-9080-BBE670B7066C}.Debug|Any CPU.Build.0 = Debug|Any CPU
		{2620D165-00EE-4CF7-9080-BBE670B7066C}.Release|Any CPU.ActiveCfg = Release|Any CPU
		{2620D165-00EE-4CF7-9080-BBE670B7066C}.Release|Any CPU.Build.0 = Release|Any CPU
		{185BBDEB-F2E6-466B-B9ED-A05B466E7FDE}.Debug|Any CPU.ActiveCfg = Debug|Any CPU
		{185BBDEB-F2E6-466B-B9ED-A05B466E7FDE}.Debug|Any CPU.Build.0 = Debug|Any CPU
		{185BBDEB-F2E6-466B-B9ED-A05B466E7FDE}.Release|Any CPU.ActiveCfg = Release|Any CPU
		{185BBDEB-F2E6-466B-B9ED-A05B466E7FDE}.Release|Any CPU.Build.0 = Release|Any CPU
	EndGlobalSection
	GlobalSection(SolutionProperties) = preSolution
		HideSolutionNode = FALSE
	EndGlobalSection
EndGlobal
